
Microsoft Visual Studio Solution File, Format Version 12.00
# Visual Studio Version 17
VisualStudioVersion = 17.0.32126.317
MinimumVisualStudioVersion = 10.0.40219.1
Project("{9A19103F-16F7-4668-BE54-9A1E7A4F7556}") = "LibraryBlazor", "LibraryBlazor\LibraryBlazor.csproj", "{7CE1F54E-10BA-4765-93F5-073BF6E52631}"
EndProject
Project("{9A19103F-16F7-4668-BE54-9A1E7A4F7556}") = "Library.Common", "..\LibraryWebApi\Library.Common\Library.Common.csproj", "{7B15B569-B07F-4BCA-BE82-1C76A2181BFC}"
EndProject
Global
	GlobalSection(SolutionConfigurationPlatforms) = preSolution
		Debug|Any CPU = Debug|Any CPU
		Release|Any CPU = Release|Any CPU
	EndGlobalSection
	GlobalSection(ProjectConfigurationPlatforms) = postSolution
		{7CE1F54E-10BA-4765-93F5-073BF6E52631}.Debug|Any CPU.ActiveCfg = Debug|Any CPU
		{7CE1F54E-10BA-4765-93F5-073BF6E52631}.Debug|Any CPU.Build.0 = Debug|Any CPU
		{7CE1F54E-10BA-4765-93F5-073BF6E52631}.Release|Any CPU.ActiveCfg = Release|Any CPU
		{7CE1F54E-10BA-4765-93F5-073BF6E52631}.Release|Any CPU.Build.0 = Release|Any CPU
		{7B15B569-B07F-4BCA-BE82-1C76A2181BFC}.Debug|Any CPU.ActiveCfg = Debug|Any CPU
		{7B15B569-B07F-4BCA-BE82-1C76A2181BFC}.Debug|Any CPU.Build.0 = Debug|Any CPU
		{7B15B569-B07F-4BCA-BE82-1C76A2181BFC}.Release|Any CPU.ActiveCfg = Release|Any CPU
		{7B15B569-B07F-4BCA-BE82-1C76A2181BFC}.Release|Any CPU.Build.0 = Release|Any CPU
	EndGlobalSection
	GlobalSection(SolutionProperties) = preSolution
		HideSolutionNode = FALSE
	EndGlobalSection
	GlobalSection(ExtensibilityGlobals) = postSolution
		SolutionGuid = {2E8BD79B-BCBB-4922-A06B-0F5F13E194E8}
	EndGlobalSection
EndGlobal
